
Microsoft Visual Studio Solution File, Format Version 12.00
# Visual Studio Version 16
VisualStudioVersion = 16.0.31112.23
MinimumVisualStudioVersion = 10.0.40219.1
Project("{FAE04EC0-301F-11D3-BF4B-00C04F79EFBC}") = "Downloader", "Downloader\Downloader.csproj", "{6AB8A661-2608-4F63-A650-EFEA4D3F14E6}"
EndProject
Global
	GlobalSection(SolutionConfigurationPlatforms) = preSolution
		Debug|Any CPU = Debug|Any CPU
		Release|Any CPU = Release|Any CPU
	EndGlobalSection
	GlobalSection(ProjectConfigurationPlatforms) = postSolution
		{6AB8A661-2608-4F63-A650-EFEA4D3F14E6}.Debug|Any CPU.ActiveCfg = Debug|Any CPU
		{6AB8A661-2608-4F63-A650-EFEA4D3F14E6}.Debug|Any CPU.Build.0 = Debug|Any CPU
		{6AB8A661-2608-4F63-A650-EFEA4D3F14E6}.Release|Any CPU.ActiveCfg = Release|Any CPU
		{6AB8A661-2608-4F63-A650-EFEA4D3F14E6}.Release|Any CPU.Build.0 = Release|Any CPU
	EndGlobalSection
	GlobalSection(SolutionProperties) = preSolution
		HideSolutionNode = FALSE
	EndGlobalSection
	GlobalSection(ExtensibilityGlobals) = postSolution
		SolutionGuid = {9FBD8DD5-3DF9-45D2-8713-3764EBEA986C}
	EndGlobalSection
EndGlobal
